// !$*UTF8*$!
{
	archiveVersion = 1;
	classes = {
	};
	objectVersion = 56;
	objects = {

/* Begin PBXBuildFile section */
		CD6390552BA83434007A77ED /* XcodeCloudPOCApp.swift in Sources */ = {isa = PBXBuildFile; fileRef = CD6390542BA83434007A77ED /* XcodeCloudPOCApp.swift */; };
		CD6390572BA83434007A77ED /* ContentView.swift in Sources */ = {isa = PBXBuildFile; fileRef = CD6390562BA83434007A77ED /* ContentView.swift */; };
		CD6390592BA83435007A77ED /* Assets.xcassets in Resources */ = {isa = PBXBuildFile; fileRef = CD6390582BA83435007A77ED /* Assets.xcassets */; };
		CD63905C2BA83435007A77ED /* Preview Assets.xcassets in Resources */ = {isa = PBXBuildFile; fileRef = CD63905B2BA83435007A77ED /* Preview Assets.xcassets */; };
		CD6390662BA83435007A77ED /* XcodeCloudPOCTests.swift in Sources */ = {isa = PBXBuildFile; fileRef = CD6390652BA83435007A77ED /* XcodeCloudPOCTests.swift */; };
		CD6390702BA83435007A77ED /* XcodeCloudPOCUITests.swift in Sources */ = {isa = PBXBuildFile; fileRef = CD63906F2BA83435007A77ED /* XcodeCloudPOCUITests.swift */; };
		CD6390722BA83435007A77ED /* XcodeCloudPOCUITestsLaunchTests.swift in Sources */ = {isa = PBXBuildFile; fileRef = CD6390712BA83435007A77ED /* XcodeCloudPOCUITestsLaunchTests.swift */; };
/* End PBXBuildFile section */

/* Begin PBXContainerItemProxy section */
		CD6390622BA83435007A77ED /* PBXContainerItemProxy */ = {
			isa = PBXContainerItemProxy;
			containerPortal = CD6390492BA83434007A77ED /* Project object */;
			proxyType = 1;
			remoteGlobalIDString = CD6390502BA83434007A77ED;
			remoteInfo = XcodeCloudPOC;
		};
		CD63906C2BA83435007A77ED /* PBXContainerItemProxy */ = {
			isa = PBXContainerItemProxy;
			containerPortal = CD6390492BA83434007A77ED /* Project object */;
			proxyType = 1;
			remoteGlobalIDString = CD6390502BA83434007A77ED;
			remoteInfo = XcodeCloudPOC;
		};
/* End PBXContainerItemProxy section */

/* Begin PBXFileReference section */
		CD6390512BA83434007A77ED /* XcodeCloudPOC.app */ = {isa = PBXFileReference; explicitFileType = wrapper.application; includeInIndex = 0; path = XcodeCloudPOC.app; sourceTree = BUILT_PRODUCTS_DIR; };
		CD6390542BA83434007A77ED /* XcodeCloudPOCApp.swift */ = {isa = PBXFileReference; lastKnownFileType = sourcecode.swift; path = XcodeCloudPOCApp.swift; sourceTree = "<group>"; };
		CD6390562BA83434007A77ED /* ContentView.swift */ = {isa = PBXFileReference; lastKnownFileType = sourcecode.swift; path = ContentView.swift; sourceTree = "<group>"; };
		CD6390582BA83435007A77ED /* Assets.xcassets */ = {isa = PBXFileReference; lastKnownFileType = folder.assetcatalog; path = Assets.xcassets; sourceTree = "<group>"; };
		CD63905B2BA83435007A77ED /* Preview Assets.xcassets */ = {isa = PBXFileReference; lastKnownFileType = folder.assetcatalog; path = "Preview Assets.xcassets"; sourceTree = "<group>"; };
		CD6390612BA83435007A77ED /* XcodeCloudPOCTests.xctest */ = {isa = PBXFileReference; explicitFileType = wrapper.cfbundle; includeInIndex = 0; path = XcodeCloudPOCTests.xctest; sourceTree = BUILT_PRODUCTS_DIR; };
		CD6390652BA83435007A77ED /* XcodeCloudPOCTests.swift */ = {isa = PBXFileReference; lastKnownFileType = sourcecode.swift; path = XcodeCloudPOCTests.swift; sourceTree = "<group>"; };
		CD63906B2BA83435007A77ED /* XcodeCloudPOCUITests.xctest */ = {isa = PBXFileReference; explicitFileType = wrapper.cfbundle; includeInIndex = 0; path = XcodeCloudPOCUITests.xctest; sourceTree = BUILT_PRODUCTS_DIR; };
		CD63906F2BA83435007A77ED /* XcodeCloudPOCUITests.swift */ = {isa = PBXFileReference; lastKnownFileType = sourcecode.swift; path = XcodeCloudPOCUITests.swift; sourceTree = "<group>"; };
		CD6390712BA83435007A77ED /* XcodeCloudPOCUITestsLaunchTests.swift */ = {isa = PBXFileReference; lastKnownFileType = sourcecode.swift; path = XcodeCloudPOCUITestsLaunchTests.swift; sourceTree = "<group>"; };
/* End PBXFileReference section */

/* Begin PBXFrameworksBuildPhase section */
		CD63904E2BA83434007A77ED /* Frameworks */ = {
			isa = PBXFrameworksBuildPhase;
			buildActionMask = 2147483647;
			files = (
			);
			runOnlyForDeploymentPostprocessing = 0;
		};
		CD63905E2BA83435007A77ED /* Frameworks */ = {
			isa = PBXFrameworksBuildPhase;
			buildActionMask = 2147483647;
			files = (
			);
			runOnlyForDeploymentPostprocessing = 0;
		};
		CD6390682BA83435007A77ED /* Frameworks */ = {
			isa = PBXFrameworksBuildPhase;
			buildActionMask = 2147483647;
			files = (
			);
			runOnlyForDeploymentPostprocessing = 0;
		};
/* End PBXFrameworksBuildPhase section */

/* Begin PBXGroup section */
		CD6390482BA83434007A77ED = {
			isa = PBXGroup;
			children = (
				CD6390532BA83434007A77ED /* XcodeCloudPOC */,
				CD6390642BA83435007A77ED /* XcodeCloudPOCTests */,
				CD63906E2BA83435007A77ED /* XcodeCloudPOCUITests */,
				CD6390522BA83434007A77ED /* Products */,
			);
			sourceTree = "<group>";
		};
		CD6390522BA83434007A77ED /* Products */ = {
			isa = PBXGroup;
			children = (
				CD6390512BA83434007A77ED /* XcodeCloudPOC.app */,
				CD6390612BA83435007A77ED /* XcodeCloudPOCTests.xctest */,
				CD63906B2BA83435007A77ED /* XcodeCloudPOCUITests.xctest */,
			);
			name = Products;
			sourceTree = "<group>";
		};
		CD6390532BA83434007A77ED /* XcodeCloudPOC */ = {
			isa = PBXGroup;
			children = (
				CD6390542BA83434007A77ED /* XcodeCloudPOCApp.swift */,
				CD6390562BA83434007A77ED /* ContentView.swift */,
				CD6390582BA83435007A77ED /* Assets.xcassets */,
				CD63905A2BA83435007A77ED /* Preview Content */,
			);
			path = XcodeCloudPOC;
			sourceTree = "<group>";
		};
		CD63905A2BA83435007A77ED /* Preview Content */ = {
			isa = PBXGroup;
			children = (
				CD63905B2BA83435007A77ED /* Preview Assets.xcassets */,
			);
			path = "Preview Content";
			sourceTree = "<group>";
		};
		CD6390642BA83435007A77ED /* XcodeCloudPOCTests */ = {
			isa = PBXGroup;
			children = (
				CD6390652BA83435007A77ED /* XcodeCloudPOCTests.swift */,
			);
			path = XcodeCloudPOCTests;
			sourceTree = "<group>";
		};
		CD63906E2BA83435007A77ED /* XcodeCloudPOCUITests */ = {
			isa = PBXGroup;
			children = (
				CD63906F2BA83435007A77ED /* XcodeCloudPOCUITests.swift */,
				CD6390712BA83435007A77ED /* XcodeCloudPOCUITestsLaunchTests.swift */,
			);
			path = XcodeCloudPOCUITests;
			sourceTree = "<group>";
		};
/* End PBXGroup section */

/* Begin PBXNativeTarget section */
		CD6390502BA83434007A77ED /* XcodeCloudPOC */ = {
			isa = PBXNativeTarget;
			buildConfigurationList = CD6390752BA83435007A77ED /* Build configuration list for PBXNativeTarget "XcodeCloudPOC" */;
			buildPhases = (
				CD63904D2BA83434007A77ED /* Sources */,
				CD63904E2BA83434007A77ED /* Frameworks */,
				CD63904F2BA83434007A77ED /* Resources */,
			);
			buildRules = (
			);
			dependencies = (
			);
			name = XcodeCloudPOC;
			productName = XcodeCloudPOC;
			productReference = CD6390512BA83434007A77ED /* XcodeCloudPOC.app */;
			productType = "com.apple.product-type.application";
		};
		CD6390602BA83435007A77ED /* XcodeCloudPOCTests */ = {
			isa = PBXNativeTarget;
			buildConfigurationList = CD6390782BA83435007A77ED /* Build configuration list for PBXNativeTarget "XcodeCloudPOCTests" */;
			buildPhases = (
				CD63905D2BA83435007A77ED /* Sources */,
				CD63905E2BA83435007A77ED /* Frameworks */,
				CD63905F2BA83435007A77ED /* Resources */,
			);
			buildRules = (
			);
			dependencies = (
				CD6390632BA83435007A77ED /* PBXTargetDependency */,
			);
			name = XcodeCloudPOCTests;
			productName = XcodeCloudPOCTests;
			productReference = CD6390612BA83435007A77ED /* XcodeCloudPOCTests.xctest */;
			productType = "com.apple.product-type.bundle.unit-test";
		};
		CD63906A2BA83435007A77ED /* XcodeCloudPOCUITests */ = {
			isa = PBXNativeTarget;
			buildConfigurationList = CD63907B2BA83435007A77ED /* Build configuration list for PBXNativeTarget "XcodeCloudPOCUITests" */;
			buildPhases = (
				CD6390672BA83435007A77ED /* Sources */,
				CD6390682BA83435007A77ED /* Frameworks */,
				CD6390692BA83435007A77ED /* Resources */,
			);
			buildRules = (
			);
			dependencies = (
				CD63906D2BA83435007A77ED /* PBXTargetDependency */,
			);
			name = XcodeCloudPOCUITests;
			productName = XcodeCloudPOCUITests;
			productReference = CD63906B2BA83435007A77ED /* XcodeCloudPOCUITests.xctest */;
			productType = "com.apple.product-type.bundle.ui-testing";
		};
/* End PBXNativeTarget section */

/* Begin PBXProject section */
		CD6390492BA83434007A77ED /* Project object */ = {
			isa = PBXProject;
			attributes = {
				BuildIndependentTargetsInParallel = 1;
				LastSwiftUpdateCheck = 1500;
				LastUpgradeCheck = 1500;
				TargetAttributes = {
					CD6390502BA83434007A77ED = {
						CreatedOnToolsVersion = 15.0;
					};
					CD6390602BA83435007A77ED = {
						CreatedOnToolsVersion = 15.0;
						TestTargetID = CD6390502BA83434007A77ED;
					};
					CD63906A2BA83435007A77ED = {
						CreatedOnToolsVersion = 15.0;
						TestTargetID = CD6390502BA83434007A77ED;
					};
				};
			};
			buildConfigurationList = CD63904C2BA83434007A77ED /* Build configuration list for PBXProject "XcodeCloudPOC" */;
			compatibilityVersion = "Xcode 14.0";
			developmentRegion = en;
			hasScannedForEncodings = 0;
			knownRegions = (
				en,
				Base,
			);
			mainGroup = CD6390482BA83434007A77ED;
			productRefGroup = CD6390522BA83434007A77ED /* Products */;
			projectDirPath = "";
			projectRoot = "";
			targets = (
				CD6390502BA83434007A77ED /* XcodeCloudPOC */,
				CD6390602BA83435007A77ED /* XcodeCloudPOCTests */,
				CD63906A2BA83435007A77ED /* XcodeCloudPOCUITests */,
			);
		};
/* End PBXProject section */

/* Begin PBXResourcesBuildPhase section */
		CD63904F2BA83434007A77ED /* Resources */ = {
			isa = PBXResourcesBuildPhase;
			buildActionMask = 2147483647;
			files = (
				CD63905C2BA83435007A77ED /* Preview Assets.xcassets in Resources */,
				CD6390592BA83435007A77ED /* Assets.xcassets in Resources */,
			);
			runOnlyForDeploymentPostprocessing = 0;
		};
		CD63905F2BA83435007A77ED /* Resources */ = {
			isa = PBXResourcesBuildPhase;
			buildActionMask = 2147483647;
			files = (
			);
			runOnlyForDeploymentPostprocessing = 0;
		};
		CD6390692BA83435007A77ED /* Resources */ = {
			isa = PBXResourcesBuildPhase;
			buildActionMask = 2147483647;
			files = (
			);
			runOnlyForDeploymentPostprocessing = 0;
		};
/* End PBXResourcesBuildPhase section */

/* Begin PBXSourcesBuildPhase section */
		CD63904D2BA83434007A77ED /* Sources */ = {
			isa = PBXSourcesBuildPhase;
			buildActionMask = 2147483647;
			files = (
				CD6390572BA83434007A77ED /* ContentView.swift in Sources */,
				CD6390552BA83434007A77ED /* XcodeCloudPOCApp.swift in Sources */,
			);
			runOnlyForDeploymentPostprocessing = 0;
		};
		CD63905D2BA83435007A77ED /* Sources */ = {
			isa = PBXSourcesBuildPhase;
			buildActionMask = 2147483647;
			files = (
				CD6390662BA83435007A77ED /* XcodeCloudPOCTests.swift in Sources */,
			);
			runOnlyForDeploymentPostprocessing = 0;
		};
		CD6390672BA83435007A77ED /* Sources */ = {
			isa = PBXSourcesBuildPhase;
			buildActionMask = 2147483647;
			files = (
				CD6390702BA83435007A77ED /* XcodeCloudPOCUITests.swift in Sources */,
				CD6390722BA83435007A77ED /* XcodeCloudPOCUITestsLaunchTests.swift in Sources */,
			);
			runOnlyForDeploymentPostprocessing = 0;
		};
/* End PBXSourcesBuildPhase section */

/* Begin PBXTargetDependency section */
		CD6390632BA83435007A77ED /* PBXTargetDependency */ = {
			isa = PBXTargetDependency;
			target = CD6390502BA83434007A77ED /* XcodeCloudPOC */;
			targetProxy = CD6390622BA83435007A77ED /* PBXContainerItemProxy */;
		};
		CD63906D2BA83435007A77ED /* PBXTargetDependency */ = {
			isa = PBXTargetDependency;
			target = CD6390502BA83434007A77ED /* XcodeCloudPOC */;
			targetProxy = CD63906C2BA83435007A77ED /* PBXContainerItemProxy */;
		};
/* End PBXTargetDependency section */

/* Begin XCBuildConfiguration section */
		CD6390732BA83435007A77ED /* Debug */ = {
			isa = XCBuildConfiguration;
			buildSettings = {
				ALWAYS_SEARCH_USER_PATHS = NO;
				ASSETCATALOG_COMPILER_GENERATE_SWIFT_ASSET_SYMBOL_EXTENSIONS = YES;
				CLANG_ANALYZER_NONNULL = YES;
				CLANG_ANALYZER_NUMBER_OBJECT_CONVERSION = YES_AGGRESSIVE;
				CLANG_CXX_LANGUAGE_STANDARD = "gnu++20";
				CLANG_ENABLE_MODULES = YES;
				CLANG_ENABLE_OBJC_ARC = YES;
				CLANG_ENABLE_OBJC_WEAK = YES;
				CLANG_WARN_BLOCK_CAPTURE_AUTORELEASING = YES;
				CLANG_WARN_BOOL_CONVERSION = YES;
				CLANG_WARN_COMMA = YES;
				CLANG_WARN_CONSTANT_CONVERSION = YES;
				CLANG_WARN_DEPRECATED_OBJC_IMPLEMENTATIONS = YES;
				CLANG_WARN_DIRECT_OBJC_ISA_USAGE = YES_ERROR;
				CLANG_WARN_DOCUMENTATION_COMMENTS = YES;
				CLANG_WARN_EMPTY_BODY = YES;
				CLANG_WARN_ENUM_CONVERSION = YES;
				CLANG_WARN_INFINITE_RECURSION = YES;
				CLANG_WARN_INT_CONVERSION = YES;
				CLANG_WARN_NON_LITERAL_NULL_CONVERSION = YES;
				CLANG_WARN_OBJC_IMPLICIT_RETAIN_SELF = YES;
				CLANG_WARN_OBJC_LITERAL_CONVERSION = YES;
				CLANG_WARN_OBJC_ROOT_CLASS = YES_ERROR;
				CLANG_WARN_QUOTED_INCLUDE_IN_FRAMEWORK_HEADER = YES;
				CLANG_WARN_RANGE_LOOP_ANALYSIS = YES;
				CLANG_WARN_STRICT_PROTOTYPES = YES;
				CLANG_WARN_SUSPICIOUS_MOVE = YES;
				CLANG_WARN_UNGUARDED_AVAILABILITY = YES_AGGRESSIVE;
				CLANG_WARN_UNREACHABLE_CODE = YES;
				CLANG_WARN__DUPLICATE_METHOD_MATCH = YES;
				COPY_PHASE_STRIP = NO;
				DEBUG_INFORMATION_FORMAT = dwarf;
				ENABLE_STRICT_OBJC_MSGSEND = YES;
				ENABLE_TESTABILITY = YES;
				ENABLE_USER_SCRIPT_SANDBOXING = YES;
				GCC_C_LANGUAGE_STANDARD = gnu17;
				GCC_DYNAMIC_NO_PIC = NO;
				GCC_NO_COMMON_BLOCKS = YES;
				GCC_OPTIMIZATION_LEVEL = 0;
				GCC_PREPROCESSOR_DEFINITIONS = (
					"DEBUG=1",
					"$(inherited)",
				);
				GCC_WARN_64_TO_32_BIT_CONVERSION = YES;
				GCC_WARN_ABOUT_RETURN_TYPE = YES_ERROR;
				GCC_WARN_UNDECLARED_SELECTOR = YES;
				GCC_WARN_UNINITIALIZED_AUTOS = YES_AGGRESSIVE;
				GCC_WARN_UNUSED_FUNCTION = YES;
				GCC_WARN_UNUSED_VARIABLE = YES;
				IPHONEOS_DEPLOYMENT_TARGET = 17.0;
				LOCALIZATION_PREFERS_STRING_CATALOGS = YES;
				MTL_ENABLE_DEBUG_INFO = INCLUDE_SOURCE;
				MTL_FAST_MATH = YES;
				ONLY_ACTIVE_ARCH = YES;
				SDKROOT = iphoneos;
				SWIFT_ACTIVE_COMPILATION_CONDITIONS = "DEBUG $(inherited)";
				SWIFT_OPTIMIZATION_LEVEL = "-Onone";
			};
			name = Debug;
		};
		CD6390742BA83435007A77ED /* Release */ = {
			isa = XCBuildConfiguration;
			buildSettings = {
				ALWAYS_SEARCH_USER_PATHS = NO;
				ASSETCATALOG_COMPILER_GENERATE_SWIFT_ASSET_SYMBOL_EXTENSIONS = YES;
				CLANG_ANALYZER_NONNULL = YES;
				CLANG_ANALYZER_NUMBER_OBJECT_CONVERSION = YES_AGGRESSIVE;
				CLANG_CXX_LANGUAGE_STANDARD = "gnu++20";
				CLANG_ENABLE_MODULES = YES;
				CLANG_ENABLE_OBJC_ARC = YES;
				CLANG_ENABLE_OBJC_WEAK = YES;
				CLANG_WARN_BLOCK_CAPTURE_AUTORELEASING = YES;
				CLANG_WARN_BOOL_CONVERSION = YES;
				CLANG_WARN_COMMA = YES;
				CLANG_WARN_CONSTANT_CONVERSION = YES;
				CLANG_WARN_DEPRECATED_OBJC_IMPLEMENTATIONS = YES;
				CLANG_WARN_DIRECT_OBJC_ISA_USAGE = YES_ERROR;
				CLANG_WARN_DOCUMENTATION_COMMENTS = YES;
				CLANG_WARN_EMPTY_BODY = YES;
				CLANG_WARN_ENUM_CONVERSION = YES;
				CLANG_WARN_INFINITE_RECURSION = YES;
				CLANG_WARN_INT_CONVERSION = YES;
				CLANG_WARN_NON_LITERAL_NULL_CONVERSION = YES;
				CLANG_WARN_OBJC_IMPLICIT_RETAIN_SELF = YES;
				CLANG_WARN_OBJC_LITERAL_CONVERSION = YES;
				CLANG_WARN_OBJC_ROOT_CLASS = YES_ERROR;
				CLANG_WARN_QUOTED_INCLUDE_IN_FRAMEWORK_HEADER = YES;
				CLANG_WARN_RANGE_LOOP_ANALYSIS = YES;
				CLANG_WARN_STRICT_PROTOTYPES = YES;
				CLANG_WARN_SUSPICIOUS_MOVE = YES;
				CLANG_WARN_UNGUARDED_AVAILABILITY = YES_AGGRESSIVE;
				CLANG_WARN_UNREACHABLE_CODE = YES;
				CLANG_WARN__DUPLICATE_METHOD_MATCH = YES;
				COPY_PHASE_STRIP = NO;
				DEBUG_INFORMATION_FORMAT = "dwarf-with-dsym";
				ENABLE_NS_ASSERTIONS = NO;
				ENABLE_STRICT_OBJC_MSGSEND = YES;
				ENABLE_USER_SCRIPT_SANDBOXING = YES;
				GCC_C_LANGUAGE_STANDARD = gnu17;
				GCC_NO_COMMON_BLOCKS = YES;
				GCC_WARN_64_TO_32_BIT_CONVERSION = YES;
				GCC_WARN_ABOUT_RETURN_TYPE = YES_ERROR;
				GCC_WARN_UNDECLARED_SELECTOR = YES;
				GCC_WARN_UNINITIALIZED_AUTOS = YES_AGGRESSIVE;
				GCC_WARN_UNUSED_FUNCTION = YES;
				GCC_WARN_UNUSED_VARIABLE = YES;
				IPHONEOS_DEPLOYMENT_TARGET = 17.0;
				LOCALIZATION_PREFERS_STRING_CATALOGS = YES;
				MTL_ENABLE_DEBUG_INFO = NO;
				MTL_FAST_MATH = YES;
				SDKROOT = iphoneos;
				SWIFT_COMPILATION_MODE = wholemodule;
				VALIDATE_PRODUCT = YES;
			};
			name = Release;
		};
		CD6390762BA83435007A77ED /* Debug */ = {
			isa = XCBuildConfiguration;
			buildSettings = {
				ASSETCATALOG_COMPILER_APPICON_NAME = AppIcon;
				ASSETCATALOG_COMPILER_GLOBAL_ACCENT_COLOR_NAME = AccentColor;
				CODE_SIGN_STYLE = Automatic;
				CURRENT_PROJECT_VERSION = 1;
				DEVELOPMENT_ASSET_PATHS = "\"XcodeCloudPOC/Preview Content\"";
				DEVELOPMENT_TEAM = T33R9WA623;
				ENABLE_PREVIEWS = YES;
				GENERATE_INFOPLIST_FILE = YES;
				INFOPLIST_KEY_CFBundleDisplayName = XcodeCloudPOC;
				INFOPLIST_KEY_UIApplicationSceneManifest_Generation = YES;
				INFOPLIST_KEY_UIApplicationSupportsIndirectInputEvents = YES;
				INFOPLIST_KEY_UILaunchScreen_Generation = YES;
				INFOPLIST_KEY_UISupportedInterfaceOrientations_iPad = "UIInterfaceOrientationPortrait UIInterfaceOrientationPortraitUpsideDown UIInterfaceOrientationLandscapeLeft UIInterfaceOrientationLandscapeRight";
				INFOPLIST_KEY_UISupportedInterfaceOrientations_iPhone = "UIInterfaceOrientationPortrait UIInterfaceOrientationLandscapeLeft UIInterfaceOrientationLandscapeRight";
				LD_RUNPATH_SEARCH_PATHS = (
					"$(inherited)",
					"@executable_path/Frameworks",
				);
				MARKETING_VERSION = 1.0;
				PRODUCT_BUNDLE_IDENTIFIER = com.XcodeCloudPOC.XcodeCloudPOC;
				PRODUCT_NAME = "$(TARGET_NAME)";
				SUPPORTED_PLATFORMS = "iphoneos iphonesimulator";
				SUPPORTS_MACCATALYST = NO;
				SUPPORTS_MAC_DESIGNED_FOR_IPHONE_IPAD = NO;
				SWIFT_EMIT_LOC_STRINGS = YES;
				SWIFT_VERSION = 5.0;
				TARGETED_DEVICE_FAMILY = 1;
			};
			name = Debug;
		};
		CD6390772BA83435007A77ED /* Release */ = {
			isa = XCBuildConfiguration;
			buildSettings = {
				ASSETCATALOG_COMPILER_APPICON_NAME = AppIcon;
				ASSETCATALOG_COMPILER_GLOBAL_ACCENT_COLOR_NAME = AccentColor;
				CODE_SIGN_STYLE = Automatic;
				CURRENT_PROJECT_VERSION = 1;
				DEVELOPMENT_ASSET_PATHS = "\"XcodeCloudPOC/Preview Content\"";
				DEVELOPMENT_TEAM = T33R9WA623;
				ENABLE_PREVIEWS = YES;
				GENERATE_INFOPLIST_FILE = YES;
				INFOPLIST_KEY_CFBundleDisplayName = XcodeCloudPOC;
				INFOPLIST_KEY_UIApplicationSceneManifest_Generation = YES;
				INFOPLIST_KEY_UIApplicationSupportsIndirectInputEvents = YES;
				INFOPLIST_KEY_UILaunchScreen_Generation = YES;
				INFOPLIST_KEY_UISupportedInterfaceOrientations_iPad = "UIInterfaceOrientationPortrait UIInterfaceOrientationPortraitUpsideDown UIInterfaceOrientationLandscapeLeft UIInterfaceOrientationLandscapeRight";
				INFOPLIST_KEY_UISupportedInterfaceOrientations_iPhone = "UIInterfaceOrientationPortrait UIInterfaceOrientationLandscapeLeft UIInterfaceOrientationLandscapeRight";
				LD_RUNPATH_SEARCH_PATHS = (
					"$(inherited)",
					"@executable_path/Frameworks",
				);
				MARKETING_VERSION = 1.0;
				PRODUCT_BUNDLE_IDENTIFIER = com.XcodeCloudPOC.XcodeCloudPOC;
				PRODUCT_NAME = "$(TARGET_NAME)";
				SUPPORTED_PLATFORMS = "iphoneos iphonesimulator";
				SUPPORTS_MACCATALYST = NO;
				SUPPORTS_MAC_DESIGNED_FOR_IPHONE_IPAD = NO;
				SWIFT_EMIT_LOC_STRINGS = YES;
				SWIFT_VERSION = 5.0;
				TARGETED_DEVICE_FAMILY = 1;
			};
			name = Release;
		};
		CD6390792BA83435007A77ED /* Debug */ = {
			isa = XCBuildConfiguration;
			buildSettings = {
				ALWAYS_EMBED_SWIFT_STANDARD_LIBRARIES = YES;
				BUNDLE_LOADER = "$(TEST_HOST)";
				CODE_SIGN_STYLE = Automatic;
				CURRENT_PROJECT_VERSION = 1;
				DEVELOPMENT_TEAM = T33R9WA623;
				GENERATE_INFOPLIST_FILE = YES;
				IPHONEOS_DEPLOYMENT_TARGET = 17.0;
				MARKETING_VERSION = 1.0;
				PRODUCT_BUNDLE_IDENTIFIER = com.XcodeCloudPOC.XcodeCloudPOCTests;
				PRODUCT_NAME = "$(TARGET_NAME)";
				SUPPORTED_PLATFORMS = "iphoneos iphonesimulator";
				SUPPORTS_MACCATALYST = NO;
				SUPPORTS_MAC_DESIGNED_FOR_IPHONE_IPAD = NO;
				SWIFT_EMIT_LOC_STRINGS = NO;
				SWIFT_VERSION = 5.0;
				TARGETED_DEVICE_FAMILY = 1;
				TEST_HOST = "$(BUILT_PRODUCTS_DIR)/XcodeCloudPOC.app/$(BUNDLE_EXECUTABLE_FOLDER_PATH)/XcodeCloudPOC";
			};
			name = Debug;
		};
		CD63907A2BA83435007A77ED /* Release */ = {
			isa = XCBuildConfiguration;
			buildSettings = {
				ALWAYS_EMBED_SWIFT_STANDARD_LIBRARIES = YES;
				BUNDLE_LOADER = "$(TEST_HOST)";
				CODE_SIGN_STYLE = Automatic;
				CURRENT_PROJECT_VERSION = 1;
				DEVELOPMENT_TEAM = T33R9WA623;
				GENERATE_INFOPLIST_FILE = YES;
				IPHONEOS_DEPLOYMENT_TARGET = 17.0;
				MARKETING_VERSION = 1.0;
				PRODUCT_BUNDLE_IDENTIFIER = com.XcodeCloudPOC.XcodeCloudPOCTests;
				PRODUCT_NAME = "$(TARGET_NAME)";
				SUPPORTED_PLATFORMS = "iphoneos iphonesimulator";
				SUPPORTS_MACCATALYST = NO;
				SUPPORTS_MAC_DESIGNED_FOR_IPHONE_IPAD = NO;
				SWIFT_EMIT_LOC_STRINGS = NO;
				SWIFT_VERSION = 5.0;
				TARGETED_DEVICE_FAMILY = 1;
				TEST_HOST = "$(BUILT_PRODUCTS_DIR)/XcodeCloudPOC.app/$(BUNDLE_EXECUTABLE_FOLDER_PATH)/XcodeCloudPOC";
			};
			name = Release;
		};
		CD63907C2BA83435007A77ED /* Debug */ = {
			isa = XCBuildConfiguration;
			buildSettings = {
				ALWAYS_EMBED_SWIFT_STANDARD_LIBRARIES = YES;
				CODE_SIGN_STYLE = Automatic;
				CURRENT_PROJECT_VERSION = 1;
				DEVELOPMENT_TEAM = T33R9WA623;
				GENERATE_INFOPLIST_FILE = YES;
				MARKETING_VERSION = 1.0;
				PRODUCT_BUNDLE_IDENTIFIER = com.XcodeCloudPOC.XcodeCloudPOCUITests;
				PRODUCT_NAME = "$(TARGET_NAME)";
				SUPPORTED_PLATFORMS = "iphoneos iphonesimulator";
				SUPPORTS_MACCATALYST = NO;
				SUPPORTS_MAC_DESIGNED_FOR_IPHONE_IPAD = NO;
				SWIFT_EMIT_LOC_STRINGS = NO;
				SWIFT_VERSION = 5.0;
				TARGETED_DEVICE_FAMILY = 1;
				TEST_TARGET_NAME = XcodeCloudPOC;
			};
			name = Debug;
		};
		CD63907D2BA83435007A77ED /* Release */ = {
			isa = XCBuildConfiguration;
			buildSettings = {
				ALWAYS_EMBED_SWIFT_STANDARD_LIBRARIES = YES;
				CODE_SIGN_STYLE = Automatic;
				CURRENT_PROJECT_VERSION = 1;
				DEVELOPMENT_TEAM = T33R9WA623;
				GENERATE_INFOPLIST_FILE = YES;
				MARKETING_VERSION = 1.0;
				PRODUCT_BUNDLE_IDENTIFIER = com.XcodeCloudPOC.XcodeCloudPOCUITests;
				PRODUCT_NAME = "$(TARGET_NAME)";
				SUPPORTED_PLATFORMS = "iphoneos iphonesimulator";
				SUPPORTS_MACCATALYST = NO;
				SUPPORTS_MAC_DESIGNED_FOR_IPHONE_IPAD = NO;
				SWIFT_EMIT_LOC_STRINGS = NO;
				SWIFT_VERSION = 5.0;
				TARGETED_DEVICE_FAMILY = 1;
				TEST_TARGET_NAME = XcodeCloudPOC;
			};
			name = Release;
		};
/* End XCBuildConfiguration section */

/* Begin XCConfigurationList section */
		CD63904C2BA83434007A77ED /* Build configuration list for PBXProject "XcodeCloudPOC" */ = {
			isa = XCConfigurationList;
			buildConfigurations = (
				CD6390732BA83435007A77ED /* Debug */,
				CD6390742BA83435007A77ED /* Release */,
			);
			defaultConfigurationIsVisible = 0;
			defaultConfigurationName = Release;
		};
		CD6390752BA83435007A77ED /* Build configuration list for PBXNativeTarget "XcodeCloudPOC" */ = {
			isa = XCConfigurationList;
			buildConfigurations = (
				CD6390762BA83435007A77ED /* Debug */,
				CD6390772BA83435007A77ED /* Release */,
			);
			defaultConfigurationIsVisible = 0;
			defaultConfigurationName = Release;
		};
		CD6390782BA83435007A77ED /* Build configuration list for PBXNativeTarget "XcodeCloudPOCTests" */ = {
			isa = XCConfigurationList;
			buildConfigurations = (
				CD6390792BA83435007A77ED /* Debug */,
				CD63907A2BA83435007A77ED /* Release */,
			);
			defaultConfigurationIsVisible = 0;
			defaultConfigurationName = Release;
		};
		CD63907B2BA83435007A77ED /* Build configuration list for PBXNativeTarget "XcodeCloudPOCUITests" */ = {
			isa = XCConfigurationList;
			buildConfigurations = (
				CD63907C2BA83435007A77ED /* Debug */,
				CD63907D2BA83435007A77ED /* Release */,
			);
			defaultConfigurationIsVisible = 0;
			defaultConfigurationName = Release;
		};
/* End XCConfigurationList section */
	};
	rootObject = CD6390492BA83434007A77ED /* Project object */;
}
